
Microsoft Visual Studio Solution File, Format Version 12.00
# Visual Studio Version 17
VisualStudioVersion = 17.2.32519.379
MinimumVisualStudioVersion = 10.0.40219.1
Project("{FAE04EC0-301F-11D3-BF4B-00C04F79EFBC}") = "Věc během hodiny", "Věc během hodiny\Věc během hodiny.csproj", "{C3DC10DF-C3B5-4F24-8013-9B72A96B11D1}"
EndProject
Global
	GlobalSection(SolutionConfigurationPlatforms) = preSolution
		Debug|Any CPU = Debug|Any CPU
		Release|Any CPU = Release|Any CPU
	EndGlobalSection
	GlobalSection(ProjectConfigurationPlatforms) = postSolution
		{C3DC10DF-C3B5-4F24-8013-9B72A96B11D1}.Debug|Any CPU.ActiveCfg = Debug|Any CPU
		{C3DC10DF-C3B5-4F24-8013-9B72A96B11D1}.Debug|Any CPU.Build.0 = Debug|Any CPU
		{C3DC10DF-C3B5-4F24-8013-9B72A96B11D1}.Release|Any CPU.ActiveCfg = Release|Any CPU
		{C3DC10DF-C3B5-4F24-8013-9B72A96B11D1}.Release|Any CPU.Build.0 = Release|Any CPU
	EndGlobalSection
	GlobalSection(SolutionProperties) = preSolution
		HideSolutionNode = FALSE
	EndGlobalSection
	GlobalSection(ExtensibilityGlobals) = postSolution
		SolutionGuid = {147F1188-5272-4F08-B299-BFA78D222AAA}
	EndGlobalSection
EndGlobal
